
Microsoft Visual Studio Solution File, Format Version 12.00
# Visual Studio Version 17
VisualStudioVersion = 17.9.34723.18
MinimumVisualStudioVersion = 10.0.40219.1
Project("{2150E333-8FDC-42A3-9474-1A3956D46DE8}") = "src", "src", "{5D648066-E74C-47EA-8941-FE8AFAD87249}"
EndProject
Project("{2150E333-8FDC-42A3-9474-1A3956D46DE8}") = "test", "test", "{1583329E-D983-42C2-B60E-A99248C063DC}"
EndProject
Project("{FAE04EC0-301F-11D3-BF4B-00C04F79EFBC}") = "Bookify.Domain", "Bookify.Domain\Bookify.Domain.csproj", "{31C2AAF4-992D-42E9-8C18-7D4AB56B03AD}"
EndProject
Global
	GlobalSection(SolutionConfigurationPlatforms) = preSolution
		Debug|Any CPU = Debug|Any CPU
		Release|Any CPU = Release|Any CPU
	EndGlobalSection
	GlobalSection(ProjectConfigurationPlatforms) = postSolution
		{31C2AAF4-992D-42E9-8C18-7D4AB56B03AD}.Debug|Any CPU.ActiveCfg = Debug|Any CPU
		{31C2AAF4-992D-42E9-8C18-7D4AB56B03AD}.Debug|Any CPU.Build.0 = Debug|Any CPU
		{31C2AAF4-992D-42E9-8C18-7D4AB56B03AD}.Release|Any CPU.ActiveCfg = Release|Any CPU
		{31C2AAF4-992D-42E9-8C18-7D4AB56B03AD}.Release|Any CPU.Build.0 = Release|Any CPU
	EndGlobalSection
	GlobalSection(SolutionProperties) = preSolution
		HideSolutionNode = FALSE
	EndGlobalSection
	GlobalSection(NestedProjects) = preSolution
		{31C2AAF4-992D-42E9-8C18-7D4AB56B03AD} = {5D648066-E74C-47EA-8941-FE8AFAD87249}
	EndGlobalSection
	GlobalSection(ExtensibilityGlobals) = postSolution
		SolutionGuid = {D5A5F360-FECA-43DA-AE5B-6D092561E3D8}
	EndGlobalSection
EndGlobal
